{
  "version": 4,
  "terraform_version": "0.14.5",
  "serial": 8,
  "lineage": "57d57d6f-56bd-70a3-0b5b-690f45a58705",
  "outputs": {
    "ip": {
      "value": "34.70.192.255",
      "type": "string"
    }
  },
  "resources": [
    {
      "mode": "managed",
      "type": "google_compute_firewall",
      "name": "default",
      "provider": "provider[\"registry.terraform.io/hashicorp/google\"]",
      "instances": [
        {
          "schema_version": 1,
          "attributes": {
            "allow": [
              {
                "ports": [
                  "80"
                ],
                "protocol": "tcp"
              }
            ],
            "creation_timestamp": "2021-02-02T07:12:50.533-08:00",
            "deny": [],
            "description": "",
            "destination_ranges": [],
            "direction": "INGRESS",
            "disabled": false,
            "enable_logging": false,
            "id": "projects/wiredcraft-test-devops/global/firewalls/hugo-firewall",
            "name": "hugo-firewall",
            "network": "https://www.googleapis.com/compute/v1/projects/wiredcraft-test-devops/global/networks/default",
            "priority": 1000,
            "project": "wiredcraft-test-devops",
            "self_link": "https://www.googleapis.com/compute/v1/projects/wiredcraft-test-devops/global/firewalls/hugo-firewall",
            "source_ranges": [
              "0.0.0.0/0"
            ],
            "source_service_accounts": null,
            "source_tags": null,
            "target_service_accounts": null,
            "target_tags": null,
            "timeouts": null
          },
          "sensitive_attributes": [],
          "private": "eyJlMmJmYjczMC1lY2FhLTExZTYtOGY4OC0zNDM2M2JjN2M0YzAiOnsiY3JlYXRlIjoyNDAwMDAwMDAwMDAsImRlbGV0ZSI6MjQwMDAwMDAwMDAwLCJ1cGRhdGUiOjI0MDAwMDAwMDAwMH0sInNjaGVtYV92ZXJzaW9uIjoiMSJ9"
        }
      ]
    },
    {
      "mode": "managed",
      "type": "google_compute_instance",
      "name": "default",
      "provider": "provider[\"registry.terraform.io/hashicorp/google\"]",
      "instances": [
        {
          "schema_version": 6,
          "attributes": {
            "allow_stopping_for_update": null,
            "attached_disk": [],
            "boot_disk": [
              {
                "auto_delete": true,
                "device_name": "persistent-disk-0",
                "disk_encryption_key_raw": "",
                "disk_encryption_key_sha256": "",
                "initialize_params": [
                  {
                    "image": "https://www.googleapis.com/compute/v1/projects/centos-cloud/global/images/centos-7-v20210122",
                    "labels": {},
                    "size": 20,
                    "type": "pd-standard"
                  }
                ],
                "kms_key_self_link": "",
                "mode": "READ_WRITE",
                "source": "https://www.googleapis.com/compute/v1/projects/wiredcraft-test-devops/zones/us-central1-c/disks/hugo-vm"
              }
            ],
            "can_ip_forward": false,
            "cpu_platform": "Intel Haswell",
            "deletion_protection": false,
            "description": "",
            "enable_display": false,
            "guest_accelerator": [],
            "hostname": "",
            "id": "projects/wiredcraft-test-devops/zones/us-central1-c/instances/hugo-vm",
            "instance_id": "2531806563320258201",
            "label_fingerprint": "42WmSpB8rSM=",
            "labels": {},
            "machine_type": "f1-micro",
            "metadata": {
              "ssh-keys": "hugo:ssh-rsa AAAAB3NzaC1yc2EAAAADAQABAAABgQDR8hiz2gYN9zs34/3aNLEu09NQ4F3xqlQs0d2pwvrbycXKYlgoKYAdxD3XaST9Jh+by8fJXCifR8Y1/x4UFa//tcNVfqI2OgteTQaYLGPBDq05zhmbSMhrUx6GtEBos08igcqZrhgEXONHousLGbnvsqf++xGOIVmHzS9NQ5/5UcKoLXsRVvUpOjPL9+wOTmFQS780CUsj5e6Dk47RD3KGAUtnC67TKKXGrwGKiMbgMTwZdz4+8ZV+eQciRta926afLnn0fFMSKV2fOSD3R6mxDD0PaxZ6yl8IlKDL+ib/l56KzwE+TYlwi0gQ/y4/qEceLYjb2D6JYjvIl2GJvM/9XQu4GEXN01YEf5gqlLHyf5zdAQsVjFF+C5f4ECjkzDr58K/O4d/uW/JnB+gTpSArBOpF6TOxbhDfuRCE4k2jiJige85LADvIo5SSyyTFuW5vLIHCzgX75LDKdfx8luFiJXv7Q7w6N1Px5U1UBdKKwxfugHOo4GzCH+ODiVhlIHE= wiredcraft-hugo\n"
            },
            "metadata_fingerprint": "S37yDnyKMdg=",
            "metadata_startup_script": "",
            "min_cpu_platform": "",
            "name": "hugo-vm",
            "network_interface": [
              {
                "access_config": [
                  {
                    "nat_ip": "34.70.192.255",
                    "network_tier": "PREMIUM",
                    "public_ptr_domain_name": ""
                  }
                ],
                "alias_ip_range": [],
                "name": "nic0",
                "network": "https://www.googleapis.com/compute/v1/projects/wiredcraft-test-devops/global/networks/default",
                "network_ip": "10.128.0.2",
                "subnetwork": "https://www.googleapis.com/compute/v1/projects/wiredcraft-test-devops/regions/us-central1/subnetworks/default",
                "subnetwork_project": "wiredcraft-test-devops"
              }
            ],
            "project": "wiredcraft-test-devops",
            "scheduling": [
              {
                "automatic_restart": true,
                "node_affinities": [],
                "on_host_maintenance": "MIGRATE",
                "preemptible": false
              }
            ],
            "scratch_disk": [],
            "self_link": "https://www.googleapis.com/compute/v1/projects/wiredcraft-test-devops/zones/us-central1-c/instances/hugo-vm",
            "service_account": [],
            "shielded_instance_config": [
              {
                "enable_integrity_monitoring": true,
                "enable_secure_boot": false,
                "enable_vtpm": true
              }
            ],
            "tags": [
              "hugo",
              "web"
            ],
            "tags_fingerprint": "_LPX7EkhSXc=",
            "timeouts": null,
            "zone": "us-central1-c"
          },
          "sensitive_attributes": [],
          "private": "eyJlMmJmYjczMC1lY2FhLTExZTYtOGY4OC0zNDM2M2JjN2M0YzAiOnsiY3JlYXRlIjoxMjAwMDAwMDAwMDAwLCJkZWxldGUiOjEyMDAwMDAwMDAwMDAsInVwZGF0ZSI6MTIwMDAwMDAwMDAwMH0sInNjaGVtYV92ZXJzaW9uIjoiNiJ9"
        }
      ]
    }
  ]
}
